
Microsoft Visual Studio Solution File, Format Version 12.00
# Visual Studio 14
VisualStudioVersion = 14.0.24720.0
MinimumVisualStudioVersion = 10.0.40219.1
Project("{8BC9CEB8-8B4A-11D0-8D11-00A0C91BC942}") = "SDL Game - Master 1", "SDL Game.vcxproj", "{746CC4C3-787F-4B0E-AA66-E388FE3FF4F6}"
EndProject
Project("{2150E333-8FDC-42A3-9474-1A3956D46DE8}") = "Solution Items", "Solution Items", "{432A1C61-4ABF-4CEC-8970-A53C0F085B9F}"
	ProjectSection(SolutionItems) = preProject
		SDL\include\begin_code.h = SDL\include\begin_code.h
		Game\Images\road\CambioBigEstr.png = Game\Images\road\CambioBigEstr.png
		SDL\include\close_code.h = SDL\include\close_code.h
		Game\Images\road\CurvaDerMedEstr.png = Game\Images\road\CurvaDerMedEstr.png
		Game\Images\road\CurvaIzqMedEstr.png = Game\Images\road\CurvaIzqMedEstr.png
		Game\Images\road\CurvaMedDerEstr.png = Game\Images\road\CurvaMedDerEstr.png
		Game\Images\road\CurvaMedIzqEstr.png = Game\Images\road\CurvaMedIzqEstr.png
		SDL\libx86\libfreetype-6.dll = SDL\libx86\libfreetype-6.dll
		Game\libfreetype-6.dll = Game\libfreetype-6.dll
		Game\libmikmod-2.dll = Game\libmikmod-2.dll
		SDL\libx86\libmikmod-2.dll = SDL\libx86\libmikmod-2.dll
		Game\libmodplug-1.dll = Game\libmodplug-1.dll
		SDL\libx86\libmodplug-1.dll = SDL\libx86\libmodplug-1.dll
		Game\libogg-0.dll = Game\libogg-0.dll
		SDL\libx86\libogg-0.dll = SDL\libx86\libogg-0.dll
		Game\libpng16-16.dll = Game\libpng16-16.dll
		Game\libvorbis-0.dll = Game\libvorbis-0.dll
		SDL\libx86\libvorbis-0.dll = SDL\libx86\libvorbis-0.dll
		Game\libvorbisfile-3.dll = Game\libvorbisfile-3.dll
		SDL\libx86\libvorbisfile-3.dll = SDL\libx86\libvorbisfile-3.dll
		SDL\libx86\LICENSE.FLAC.txt = SDL\libx86\LICENSE.FLAC.txt
		SDL\libx86\LICENSE.freetype.txt = SDL\libx86\LICENSE.freetype.txt
		SDL\libx86\LICENSE.mikmod.txt = SDL\libx86\LICENSE.mikmod.txt
		SDL\libx86\LICENSE.modplug.txt = SDL\libx86\LICENSE.modplug.txt
		SDL\libx86\LICENSE.ogg-vorbis.txt = SDL\libx86\LICENSE.ogg-vorbis.txt
		SDL\libx86\LICENSE.smpeg.txt = SDL\libx86\LICENSE.smpeg.txt
		SDL\libx86\LICENSE.zlib.txt = SDL\libx86\LICENSE.zlib.txt
		Game\mainfont.ttf = Game\mainfont.ttf
		Game\Images\MainSprites.png = Game\Images\MainSprites.png
		Game\music.ogg = Game\music.ogg
		Game\Images\road\RectaDerEstr.png = Game\Images\road\RectaDerEstr.png
		Game\Images\road\RectaIzqEstr.png = Game\Images\road\RectaIzqEstr.png
		Game\Images\road\RectaMedBig.png = Game\Images\road\RectaMedBig.png
		Game\Images\road\RectaMedEstr.png = Game\Images\road\RectaMedEstr.png
		SDL\include\SDL.h = SDL\include\SDL.h
		Game\SDL2.dll = Game\SDL2.dll
		SDL\libx86\SDL2.lib = SDL\libx86\SDL2.lib
		Game\SDL2_image.dll = Game\SDL2_image.dll
		SDL\libx86\SDL2_image.lib = SDL\libx86\SDL2_image.lib
		Game\SDL2_mixer.dll = Game\SDL2_mixer.dll
		SDL\libx86\SDL2_mixer.dll = SDL\libx86\SDL2_mixer.dll
		SDL\libx86\SDL2_mixer.lib = SDL\libx86\SDL2_mixer.lib
		SDL\libx86\SDL2_ttf.dll = SDL\libx86\SDL2_ttf.dll
		Game\SDL2_ttf.dll = Game\SDL2_ttf.dll
		SDL\libx86\SDL2_ttf.lib = SDL\libx86\SDL2_ttf.lib
		SDL\libx86\SDL2main.lib = SDL\libx86\SDL2main.lib
		SDL\include\SDL_assert.h = SDL\include\SDL_assert.h
		SDL\include\SDL_atomic.h = SDL\include\SDL_atomic.h
		SDL\include\SDL_audio.h = SDL\include\SDL_audio.h
		SDL\include\SDL_bits.h = SDL\include\SDL_bits.h
		SDL\include\SDL_blendmode.h = SDL\include\SDL_blendmode.h
		SDL\include\SDL_clipboard.h = SDL\include\SDL_clipboard.h
		SDL\include\SDL_config.h = SDL\include\SDL_config.h
		SDL\include\SDL_cpuinfo.h = SDL\include\SDL_cpuinfo.h
		SDL\include\SDL_endian.h = SDL\include\SDL_endian.h
		SDL\include\SDL_error.h = SDL\include\SDL_error.h
		SDL\include\SDL_events.h = SDL\include\SDL_events.h
		SDL\include\SDL_filesystem.h = SDL\include\SDL_filesystem.h
		SDL\include\SDL_gamecontroller.h = SDL\include\SDL_gamecontroller.h
		SDL\include\SDL_gesture.h = SDL\include\SDL_gesture.h
		SDL\include\SDL_haptic.h = SDL\include\SDL_haptic.h
		SDL\include\SDL_hints.h = SDL\include\SDL_hints.h
		SDL\include\SDL_image.h = SDL\include\SDL_image.h
		SDL\include\SDL_joystick.h = SDL\include\SDL_joystick.h
		SDL\include\SDL_keyboard.h = SDL\include\SDL_keyboard.h
		SDL\include\SDL_keycode.h = SDL\include\SDL_keycode.h
		SDL\include\SDL_loadso.h = SDL\include\SDL_loadso.h
		SDL\include\SDL_log.h = SDL\include\SDL_log.h
		SDL\include\SDL_main.h = SDL\include\SDL_main.h
		SDL\include\SDL_messagebox.h = SDL\include\SDL_messagebox.h
		SDL\include\SDL_mixer.h = SDL\include\SDL_mixer.h
		SDL\include\SDL_mouse.h = SDL\include\SDL_mouse.h
		SDL\include\SDL_mutex.h = SDL\include\SDL_mutex.h
		SDL\include\SDL_name.h = SDL\include\SDL_name.h
		SDL\include\SDL_opengl.h = SDL\include\SDL_opengl.h
		SDL\include\SDL_opengles.h = SDL\include\SDL_opengles.h
		SDL\include\SDL_opengles2.h = SDL\include\SDL_opengles2.h
		SDL\include\SDL_pixels.h = SDL\include\SDL_pixels.h
		SDL\include\SDL_platform.h = SDL\include\SDL_platform.h
		SDL\include\SDL_power.h = SDL\include\SDL_power.h
		SDL\include\SDL_quit.h = SDL\include\SDL_quit.h
		SDL\include\SDL_rect.h = SDL\include\SDL_rect.h
		SDL\include\SDL_render.h = SDL\include\SDL_render.h
		SDL\include\SDL_revision.h = SDL\include\SDL_revision.h
		SDL\include\SDL_rwops.h = SDL\include\SDL_rwops.h
		SDL\include\SDL_scancode.h = SDL\include\SDL_scancode.h
		SDL\include\SDL_shape.h = SDL\include\SDL_shape.h
		SDL\include\SDL_stdinc.h = SDL\include\SDL_stdinc.h
		SDL\include\SDL_surface.h = SDL\include\SDL_surface.h
		SDL\include\SDL_system.h = SDL\include\SDL_system.h
		SDL\include\SDL_syswm.h = SDL\include\SDL_syswm.h
		SDL\include\SDL_test.h = SDL\include\SDL_test.h
		SDL\include\SDL_test_assert.h = SDL\include\SDL_test_assert.h
		SDL\include\SDL_test_common.h = SDL\include\SDL_test_common.h
		SDL\include\SDL_test_compare.h = SDL\include\SDL_test_compare.h
		SDL\include\SDL_test_crc32.h = SDL\include\SDL_test_crc32.h
		SDL\include\SDL_test_font.h = SDL\include\SDL_test_font.h
		SDL\include\SDL_test_fuzzer.h = SDL\include\SDL_test_fuzzer.h
		SDL\include\SDL_test_harness.h = SDL\include\SDL_test_harness.h
		SDL\include\SDL_test_images.h = SDL\include\SDL_test_images.h
		SDL\include\SDL_test_log.h = SDL\include\SDL_test_log.h
		SDL\include\SDL_test_md5.h = SDL\include\SDL_test_md5.h
		SDL\include\SDL_test_random.h = SDL\include\SDL_test_random.h
		SDL\include\SDL_thread.h = SDL\include\SDL_thread.h
		SDL\include\SDL_timer.h = SDL\include\SDL_timer.h
		SDL\include\SDL_touch.h = SDL\include\SDL_touch.h
		SDL\include\SDL_ttf.h = SDL\include\SDL_ttf.h
		SDL\include\SDL_types.h = SDL\include\SDL_types.h
		SDL\include\SDL_version.h = SDL\include\SDL_version.h
		SDL\include\SDL_video.h = SDL\include\SDL_video.h
		Game\smpeg2.dll = Game\smpeg2.dll
		SDL\libx86\smpeg2.dll = SDL\libx86\smpeg2.dll
		Game\Images\UI.png = Game\Images\UI.png
		Game\Images\UI.psd = Game\Images\UI.psd
		Game\zlib1.dll = Game\zlib1.dll
		SDL\libx86\zlib1.dll = SDL\libx86\zlib1.dll
	EndProjectSection
EndProject
Global
	GlobalSection(SolutionConfigurationPlatforms) = preSolution
		Debug|Win32 = Debug|Win32
		Release|Win32 = Release|Win32
	EndGlobalSection
	GlobalSection(ProjectConfigurationPlatforms) = postSolution
		{746CC4C3-787F-4B0E-AA66-E388FE3FF4F6}.Debug|Win32.ActiveCfg = Debug|Win32
		{746CC4C3-787F-4B0E-AA66-E388FE3FF4F6}.Debug|Win32.Build.0 = Debug|Win32
		{746CC4C3-787F-4B0E-AA66-E388FE3FF4F6}.Release|Win32.ActiveCfg = Release|Win32
		{746CC4C3-787F-4B0E-AA66-E388FE3FF4F6}.Release|Win32.Build.0 = Release|Win32
	EndGlobalSection
	GlobalSection(SolutionProperties) = preSolution
		HideSolutionNode = FALSE
	EndGlobalSection
EndGlobal
